
Microsoft Visual Studio Solution File, Format Version 12.00
# Visual Studio Version 16
VisualStudioVersion = 16.0.30320.27
MinimumVisualStudioVersion = 10.0.40219.1
Project("{2150E333-8FDC-42A3-9474-1A3956D46DE8}") = "Core", "Core", "{9819B7A0-DA53-48B5-AE55-2310F8DD9C20}"
EndProject
Project("{2150E333-8FDC-42A3-9474-1A3956D46DE8}") = "Xamarin", "Xamarin", "{C23DC1A4-2A32-40A6-8B0A-0531579B2C2E}"
EndProject
Project("{2150E333-8FDC-42A3-9474-1A3956D46DE8}") = "Socios", "Socios", "{5AF4BD74-193D-4515-849E-0A1168BCEBF5}"
EndProject
Project("{2150E333-8FDC-42A3-9474-1A3956D46DE8}") = "Clientes", "Clientes", "{38E1DFA6-0582-422D-8B30-AEC89770E30A}"
EndProject
Project("{2150E333-8FDC-42A3-9474-1A3956D46DE8}") = "Apps", "Apps", "{087306E8-9326-4C4E-BC74-6479A9DEE73A}"
EndProject
Project("{FAE04EC0-301F-11D3-BF4B-00C04F79EFBC}") = "MPS.AppCliente.UWP", "Apps\MPS.AppCliente\MPS.AppCliente.UWP\MPS.AppCliente.UWP.csproj", "{E16D7BF5-914C-4392-A504-831BA8836AF6}"
EndProject
Project("{FAE04EC0-301F-11D3-BF4B-00C04F79EFBC}") = "MPS.AppCliente.Android", "Apps\MPS.AppCliente\MPS.AppCliente.Android\MPS.AppCliente.Android.csproj", "{25FD7BAB-022D-4560-9AA6-245D28EA1139}"
EndProject
Project("{FAE04EC0-301F-11D3-BF4B-00C04F79EFBC}") = "MPS.AppCliente.iOS", "Apps\MPS.AppCliente\MPS.AppCliente.iOS\MPS.AppCliente.iOS.csproj", "{1EF55D40-E398-4762-99ED-ABA8804438CC}"
EndProject
Project("{9A19103F-16F7-4668-BE54-9A1E7A4F7556}") = "MPS.AppCliente.Views", "Apps\MPS.AppCliente\MPS.AppCliente\MPS.AppCliente.Views.csproj", "{26B0CAB1-AD0E-489E-96D4-167EDC941E5F}"
EndProject
Project("{2150E333-8FDC-42A3-9474-1A3956D46DE8}") = "Apps", "Apps", "{AECDC5DF-DB90-43C0-8844-7D880FE8A422}"
EndProject
Project("{FAE04EC0-301F-11D3-BF4B-00C04F79EFBC}") = "MPS.AppSocio.UWP", "Apps\MPS.AppSocio\MPS.AppSocio.UWP\MPS.AppSocio.UWP.csproj", "{BE8C6328-B83B-440B-9CDB-BA48BACE1406}"
EndProject
Project("{FAE04EC0-301F-11D3-BF4B-00C04F79EFBC}") = "MPS.AppSocio.Android", "Apps\MPS.AppSocio\MPS.AppSocio.Android\MPS.AppSocio.Android.csproj", "{C59DBE17-2293-4FFC-929B-2F8C17F22286}"
EndProject
Project("{FAE04EC0-301F-11D3-BF4B-00C04F79EFBC}") = "MPS.AppSocio.iOS", "Apps\MPS.AppSocio\MPS.AppSocio.iOS\MPS.AppSocio.iOS.csproj", "{2A550752-4E2C-47B3-A48C-E41E3F731C09}"
EndProject
Project("{9A19103F-16F7-4668-BE54-9A1E7A4F7556}") = "MPS.AppSocio.Views", "Apps\MPS.AppSocio\MPS.AppSocio\MPS.AppSocio.Views.csproj", "{1D390EE2-2D4E-48B8-A604-CA9A573EC91E}"
EndProject
Project("{2150E333-8FDC-42A3-9474-1A3956D46DE8}") = "Apps", "Apps", "{5C238C55-64A2-40B0-8987-D14F1A535544}"
EndProject
Project("{D954291E-2A0B-460D-934E-DC6B0785DB48}") = "MPS.Core.Lib", "Core\MPS.Core.Lib\MPS.Core.Lib.shproj", "{EEF184F0-621A-4128-9D7F-1D9DE12FB50D}"
EndProject
Project("{D954291E-2A0B-460D-934E-DC6B0785DB48}") = "MPS.SharedAPIModel", "Core\MPS.Core.SharedAPIModel\MPS.SharedAPIModel.shproj", "{FC1A4755-0A48-49D0-B22D-04591F271832}"
EndProject
Project("{D954291E-2A0B-460D-934E-DC6B0785DB48}") = "Core.MVVM", "Core\Core.MVVM\Core.MVVM.shproj", "{4C2067F4-752A-4ED6-A586-4FDBE28B3D27}"
EndProject
Project("{9A19103F-16F7-4668-BE54-9A1E7A4F7556}") = "MPS.Tests.ApiClientTest", "Tests\MPS.Tests.ApiClientTest\MPS.Tests.ApiClientTest.csproj", "{A87D03F6-9F66-4F42-B241-7AEFA2528FB6}"
EndProject
Project("{2150E333-8FDC-42A3-9474-1A3956D46DE8}") = "Tests", "Tests", "{B4D16D8D-2187-467F-9AC6-BC2A381AB67D}"
EndProject
Global
	GlobalSection(SharedMSBuildProjectFiles) = preSolution
		Core\Core.MVVM\Core.MVVM.projitems*{1d390ee2-2d4e-48b8-a604-ca9a573ec91e}*SharedItemsImports = 5
		Core\MPS.Core.Lib\MPS.Core.Lib.projitems*{1d390ee2-2d4e-48b8-a604-ca9a573ec91e}*SharedItemsImports = 5
		Core\MPS.Core.SharedAPIModel\MPS.Core.SharedAPIModel.projitems*{1d390ee2-2d4e-48b8-a604-ca9a573ec91e}*SharedItemsImports = 5
		Core\Core.MVVM\Core.MVVM.projitems*{26b0cab1-ad0e-489e-96d4-167edc941e5f}*SharedItemsImports = 5
		Core\MPS.Core.Lib\MPS.Core.Lib.projitems*{26b0cab1-ad0e-489e-96d4-167edc941e5f}*SharedItemsImports = 5
		Core\MPS.Core.SharedAPIModel\MPS.Core.SharedAPIModel.projitems*{26b0cab1-ad0e-489e-96d4-167edc941e5f}*SharedItemsImports = 5
		Core\Core.MVVM\Core.MVVM.projitems*{4c2067f4-752a-4ed6-a586-4fdbe28b3d27}*SharedItemsImports = 13
		Core\Core.MVVM\Core.MVVM.projitems*{a87d03f6-9f66-4f42-b241-7aefa2528fb6}*SharedItemsImports = 5
		Core\MPS.Core.Lib\MPS.Core.Lib.projitems*{a87d03f6-9f66-4f42-b241-7aefa2528fb6}*SharedItemsImports = 5
		Core\MPS.Core.SharedAPIModel\MPS.Core.SharedAPIModel.projitems*{a87d03f6-9f66-4f42-b241-7aefa2528fb6}*SharedItemsImports = 5
		Core\MPS.Core.Lib\MPS.Core.Lib.projitems*{eef184f0-621a-4128-9d7f-1d9de12fb50d}*SharedItemsImports = 13
		Core\MPS.Core.SharedAPIModel\MPS.Core.SharedAPIModel.projitems*{fc1a4755-0a48-49d0-b22d-04591f271832}*SharedItemsImports = 13
	EndGlobalSection
	GlobalSection(SolutionConfigurationPlatforms) = preSolution
		Debug|Any CPU = Debug|Any CPU
		Debug|ARM = Debug|ARM
		Debug|iPhone = Debug|iPhone
		Debug|iPhoneSimulator = Debug|iPhoneSimulator
		Debug|x64 = Debug|x64
		Debug|x86 = Debug|x86
		Release|Any CPU = Release|Any CPU
		Release|ARM = Release|ARM
		Release|iPhone = Release|iPhone
		Release|iPhoneSimulator = Release|iPhoneSimulator
		Release|x64 = Release|x64
		Release|x86 = Release|x86
	EndGlobalSection
	GlobalSection(ProjectConfigurationPlatforms) = postSolution
		{E16D7BF5-914C-4392-A504-831BA8836AF6}.Debug|Any CPU.ActiveCfg = Debug|x86
		{E16D7BF5-914C-4392-A504-831BA8836AF6}.Debug|ARM.ActiveCfg = Debug|ARM
		{E16D7BF5-914C-4392-A504-831BA8836AF6}.Debug|ARM.Build.0 = Debug|ARM
		{E16D7BF5-914C-4392-A504-831BA8836AF6}.Debug|ARM.Deploy.0 = Debug|ARM
		{E16D7BF5-914C-4392-A504-831BA8836AF6}.Debug|iPhone.ActiveCfg = Debug|x86
		{E16D7BF5-914C-4392-A504-831BA8836AF6}.Debug|iPhoneSimulator.ActiveCfg = Debug|x86
		{E16D7BF5-914C-4392-A504-831BA8836AF6}.Debug|x64.ActiveCfg = Debug|x64
		{E16D7BF5-914C-4392-A504-831BA8836AF6}.Debug|x64.Build.0 = Debug|x64
		{E16D7BF5-914C-4392-A504-831BA8836AF6}.Debug|x64.Deploy.0 = Debug|x64
		{E16D7BF5-914C-4392-A504-831BA8836AF6}.Debug|x86.ActiveCfg = Debug|x86
		{E16D7BF5-914C-4392-A504-831BA8836AF6}.Debug|x86.Build.0 = Debug|x86
		{E16D7BF5-914C-4392-A504-831BA8836AF6}.Debug|x86.Deploy.0 = Debug|x86
		{E16D7BF5-914C-4392-A504-831BA8836AF6}.Release|Any CPU.ActiveCfg = Release|x86
		{E16D7BF5-914C-4392-A504-831BA8836AF6}.Release|ARM.ActiveCfg = Release|ARM
		{E16D7BF5-914C-4392-A504-831BA8836AF6}.Release|ARM.Build.0 = Release|ARM
		{E16D7BF5-914C-4392-A504-831BA8836AF6}.Release|ARM.Deploy.0 = Release|ARM
		{E16D7BF5-914C-4392-A504-831BA8836AF6}.Release|iPhone.ActiveCfg = Release|x86
		{E16D7BF5-914C-4392-A504-831BA8836AF6}.Release|iPhoneSimulator.ActiveCfg = Release|x86
		{E16D7BF5-914C-4392-A504-831BA8836AF6}.Release|x64.ActiveCfg = Release|x64
		{E16D7BF5-914C-4392-A504-831BA8836AF6}.Release|x64.Build.0 = Release|x64
		{E16D7BF5-914C-4392-A504-831BA8836AF6}.Release|x64.Deploy.0 = Release|x64
		{E16D7BF5-914C-4392-A504-831BA8836AF6}.Release|x86.ActiveCfg = Release|x86
		{E16D7BF5-914C-4392-A504-831BA8836AF6}.Release|x86.Build.0 = Release|x86
		{E16D7BF5-914C-4392-A504-831BA8836AF6}.Release|x86.Deploy.0 = Release|x86
		{25FD7BAB-022D-4560-9AA6-245D28EA1139}.Debug|Any CPU.ActiveCfg = Debug|Any CPU
		{25FD7BAB-022D-4560-9AA6-245D28EA1139}.Debug|Any CPU.Build.0 = Debug|Any CPU
		{25FD7BAB-022D-4560-9AA6-245D28EA1139}.Debug|Any CPU.Deploy.0 = Debug|Any CPU
		{25FD7BAB-022D-4560-9AA6-245D28EA1139}.Debug|ARM.ActiveCfg = Debug|Any CPU
		{25FD7BAB-022D-4560-9AA6-245D28EA1139}.Debug|ARM.Build.0 = Debug|Any CPU
		{25FD7BAB-022D-4560-9AA6-245D28EA1139}.Debug|ARM.Deploy.0 = Debug|Any CPU
		{25FD7BAB-022D-4560-9AA6-245D28EA1139}.Debug|iPhone.ActiveCfg = Debug|Any CPU
		{25FD7BAB-022D-4560-9AA6-245D28EA1139}.Debug|iPhone.Build.0 = Debug|Any CPU
		{25FD7BAB-022D-4560-9AA6-245D28EA1139}.Debug|iPhone.Deploy.0 = Debug|Any CPU
		{25FD7BAB-022D-4560-9AA6-245D28EA1139}.Debug|iPhoneSimulator.ActiveCfg = Debug|Any CPU
		{25FD7BAB-022D-4560-9AA6-245D28EA1139}.Debug|iPhoneSimulator.Build.0 = Debug|Any CPU
		{25FD7BAB-022D-4560-9AA6-245D28EA1139}.Debug|iPhoneSimulator.Deploy.0 = Debug|Any CPU
		{25FD7BAB-022D-4560-9AA6-245D28EA1139}.Debug|x64.ActiveCfg = Debug|Any CPU
		{25FD7BAB-022D-4560-9AA6-245D28EA1139}.Debug|x64.Build.0 = Debug|Any CPU
		{25FD7BAB-022D-4560-9AA6-245D28EA1139}.Debug|x64.Deploy.0 = Debug|Any CPU
		{25FD7BAB-022D-4560-9AA6-245D28EA1139}.Debug|x86.ActiveCfg = Debug|Any CPU
		{25FD7BAB-022D-4560-9AA6-245D28EA1139}.Debug|x86.Build.0 = Debug|Any CPU
		{25FD7BAB-022D-4560-9AA6-245D28EA1139}.Debug|x86.Deploy.0 = Debug|Any CPU
		{25FD7BAB-022D-4560-9AA6-245D28EA1139}.Release|Any CPU.ActiveCfg = Release|Any CPU
		{25FD7BAB-022D-4560-9AA6-245D28EA1139}.Release|Any CPU.Build.0 = Release|Any CPU
		{25FD7BAB-022D-4560-9AA6-245D28EA1139}.Release|Any CPU.Deploy.0 = Release|Any CPU
		{25FD7BAB-022D-4560-9AA6-245D28EA1139}.Release|ARM.ActiveCfg = Release|Any CPU
		{25FD7BAB-022D-4560-9AA6-245D28EA1139}.Release|ARM.Build.0 = Release|Any CPU
		{25FD7BAB-022D-4560-9AA6-245D28EA1139}.Release|ARM.Deploy.0 = Release|Any CPU
		{25FD7BAB-022D-4560-9AA6-245D28EA1139}.Release|iPhone.ActiveCfg = Release|Any CPU
		{25FD7BAB-022D-4560-9AA6-245D28EA1139}.Release|iPhone.Build.0 = Release|Any CPU
		{25FD7BAB-022D-4560-9AA6-245D28EA1139}.Release|iPhone.Deploy.0 = Release|Any CPU
		{25FD7BAB-022D-4560-9AA6-245D28EA1139}.Release|iPhoneSimulator.ActiveCfg = Release|Any CPU
		{25FD7BAB-022D-4560-9AA6-245D28EA1139}.Release|iPhoneSimulator.Build.0 = Release|Any CPU
		{25FD7BAB-022D-4560-9AA6-245D28EA1139}.Release|iPhoneSimulator.Deploy.0 = Release|Any CPU
		{25FD7BAB-022D-4560-9AA6-245D28EA1139}.Release|x64.ActiveCfg = Release|Any CPU
		{25FD7BAB-022D-4560-9AA6-245D28EA1139}.Release|x64.Build.0 = Release|Any CPU
		{25FD7BAB-022D-4560-9AA6-245D28EA1139}.Release|x64.Deploy.0 = Release|Any CPU
		{25FD7BAB-022D-4560-9AA6-245D28EA1139}.Release|x86.ActiveCfg = Release|Any CPU
		{25FD7BAB-022D-4560-9AA6-245D28EA1139}.Release|x86.Build.0 = Release|Any CPU
		{25FD7BAB-022D-4560-9AA6-245D28EA1139}.Release|x86.Deploy.0 = Release|Any CPU
		{1EF55D40-E398-4762-99ED-ABA8804438CC}.Debug|Any CPU.ActiveCfg = Debug|iPhone
		{1EF55D40-E398-4762-99ED-ABA8804438CC}.Debug|ARM.ActiveCfg = Debug|iPhone
		{1EF55D40-E398-4762-99ED-ABA8804438CC}.Debug|iPhone.ActiveCfg = Debug|iPhone
		{1EF55D40-E398-4762-99ED-ABA8804438CC}.Debug|iPhone.Build.0 = Debug|iPhone
		{1EF55D40-E398-4762-99ED-ABA8804438CC}.Debug|iPhone.Deploy.0 = Debug|iPhone
		{1EF55D40-E398-4762-99ED-ABA8804438CC}.Debug|iPhoneSimulator.ActiveCfg = Debug|iPhoneSimulator
		{1EF55D40-E398-4762-99ED-ABA8804438CC}.Debug|iPhoneSimulator.Build.0 = Debug|iPhoneSimulator
		{1EF55D40-E398-4762-99ED-ABA8804438CC}.Debug|x64.ActiveCfg = Debug|iPhone
		{1EF55D40-E398-4762-99ED-ABA8804438CC}.Debug|x86.ActiveCfg = Debug|iPhone
		{1EF55D40-E398-4762-99ED-ABA8804438CC}.Release|Any CPU.ActiveCfg = Release|iPhone
		{1EF55D40-E398-4762-99ED-ABA8804438CC}.Release|ARM.ActiveCfg = Release|iPhone
		{1EF55D40-E398-4762-99ED-ABA8804438CC}.Release|iPhone.ActiveCfg = Release|iPhone
		{1EF55D40-E398-4762-99ED-ABA8804438CC}.Release|iPhone.Build.0 = Release|iPhone
		{1EF55D40-E398-4762-99ED-ABA8804438CC}.Release|iPhoneSimulator.ActiveCfg = Release|iPhoneSimulator
		{1EF55D40-E398-4762-99ED-ABA8804438CC}.Release|iPhoneSimulator.Build.0 = Release|iPhoneSimulator
		{1EF55D40-E398-4762-99ED-ABA8804438CC}.Release|x64.ActiveCfg = Release|iPhone
		{1EF55D40-E398-4762-99ED-ABA8804438CC}.Release|x86.ActiveCfg = Release|iPhone
		{26B0CAB1-AD0E-489E-96D4-167EDC941E5F}.Debug|Any CPU.ActiveCfg = Debug|Any CPU
		{26B0CAB1-AD0E-489E-96D4-167EDC941E5F}.Debug|Any CPU.Build.0 = Debug|Any CPU
		{26B0CAB1-AD0E-489E-96D4-167EDC941E5F}.Debug|ARM.ActiveCfg = Debug|Any CPU
		{26B0CAB1-AD0E-489E-96D4-167EDC941E5F}.Debug|ARM.Build.0 = Debug|Any CPU
		{26B0CAB1-AD0E-489E-96D4-167EDC941E5F}.Debug|iPhone.ActiveCfg = Debug|Any CPU
		{26B0CAB1-AD0E-489E-96D4-167EDC941E5F}.Debug|iPhone.Build.0 = Debug|Any CPU
		{26B0CAB1-AD0E-489E-96D4-167EDC941E5F}.Debug|iPhoneSimulator.ActiveCfg = Debug|Any CPU
		{26B0CAB1-AD0E-489E-96D4-167EDC941E5F}.Debug|iPhoneSimulator.Build.0 = Debug|Any CPU
		{26B0CAB1-AD0E-489E-96D4-167EDC941E5F}.Debug|x64.ActiveCfg = Debug|Any CPU
		{26B0CAB1-AD0E-489E-96D4-167EDC941E5F}.Debug|x64.Build.0 = Debug|Any CPU
		{26B0CAB1-AD0E-489E-96D4-167EDC941E5F}.Debug|x86.ActiveCfg = Debug|Any CPU
		{26B0CAB1-AD0E-489E-96D4-167EDC941E5F}.Debug|x86.Build.0 = Debug|Any CPU
		{26B0CAB1-AD0E-489E-96D4-167EDC941E5F}.Release|Any CPU.ActiveCfg = Release|Any CPU
		{26B0CAB1-AD0E-489E-96D4-167EDC941E5F}.Release|Any CPU.Build.0 = Release|Any CPU
		{26B0CAB1-AD0E-489E-96D4-167EDC941E5F}.Release|ARM.ActiveCfg = Release|Any CPU
		{26B0CAB1-AD0E-489E-96D4-167EDC941E5F}.Release|ARM.Build.0 = Release|Any CPU
		{26B0CAB1-AD0E-489E-96D4-167EDC941E5F}.Release|iPhone.ActiveCfg = Release|Any CPU
		{26B0CAB1-AD0E-489E-96D4-167EDC941E5F}.Release|iPhone.Build.0 = Release|Any CPU
		{26B0CAB1-AD0E-489E-96D4-167EDC941E5F}.Release|iPhoneSimulator.ActiveCfg = Release|Any CPU
		{26B0CAB1-AD0E-489E-96D4-167EDC941E5F}.Release|iPhoneSimulator.Build.0 = Release|Any CPU
		{26B0CAB1-AD0E-489E-96D4-167EDC941E5F}.Release|x64.ActiveCfg = Release|Any CPU
		{26B0CAB1-AD0E-489E-96D4-167EDC941E5F}.Release|x64.Build.0 = Release|Any CPU
		{26B0CAB1-AD0E-489E-96D4-167EDC941E5F}.Release|x86.ActiveCfg = Release|Any CPU
		{26B0CAB1-AD0E-489E-96D4-167EDC941E5F}.Release|x86.Build.0 = Release|Any CPU
		{BE8C6328-B83B-440B-9CDB-BA48BACE1406}.Debug|Any CPU.ActiveCfg = Debug|x86
		{BE8C6328-B83B-440B-9CDB-BA48BACE1406}.Debug|ARM.ActiveCfg = Debug|ARM
		{BE8C6328-B83B-440B-9CDB-BA48BACE1406}.Debug|ARM.Build.0 = Debug|ARM
		{BE8C6328-B83B-440B-9CDB-BA48BACE1406}.Debug|ARM.Deploy.0 = Debug|ARM
		{BE8C6328-B83B-440B-9CDB-BA48BACE1406}.Debug|iPhone.ActiveCfg = Debug|x86
		{BE8C6328-B83B-440B-9CDB-BA48BACE1406}.Debug|iPhoneSimulator.ActiveCfg = Debug|x86
		{BE8C6328-B83B-440B-9CDB-BA48BACE1406}.Debug|x64.ActiveCfg = Debug|x64
		{BE8C6328-B83B-440B-9CDB-BA48BACE1406}.Debug|x64.Build.0 = Debug|x64
		{BE8C6328-B83B-440B-9CDB-BA48BACE1406}.Debug|x64.Deploy.0 = Debug|x64
		{BE8C6328-B83B-440B-9CDB-BA48BACE1406}.Debug|x86.ActiveCfg = Debug|x86
		{BE8C6328-B83B-440B-9CDB-BA48BACE1406}.Debug|x86.Build.0 = Debug|x86
		{BE8C6328-B83B-440B-9CDB-BA48BACE1406}.Debug|x86.Deploy.0 = Debug|x86
		{BE8C6328-B83B-440B-9CDB-BA48BACE1406}.Release|Any CPU.ActiveCfg = Release|x86
		{BE8C6328-B83B-440B-9CDB-BA48BACE1406}.Release|ARM.ActiveCfg = Release|ARM
		{BE8C6328-B83B-440B-9CDB-BA48BACE1406}.Release|ARM.Build.0 = Release|ARM
		{BE8C6328-B83B-440B-9CDB-BA48BACE1406}.Release|ARM.Deploy.0 = Release|ARM
		{BE8C6328-B83B-440B-9CDB-BA48BACE1406}.Release|iPhone.ActiveCfg = Release|x86
		{BE8C6328-B83B-440B-9CDB-BA48BACE1406}.Release|iPhoneSimulator.ActiveCfg = Release|x86
		{BE8C6328-B83B-440B-9CDB-BA48BACE1406}.Release|x64.ActiveCfg = Release|x64
		{BE8C6328-B83B-440B-9CDB-BA48BACE1406}.Release|x64.Build.0 = Release|x64
		{BE8C6328-B83B-440B-9CDB-BA48BACE1406}.Release|x64.Deploy.0 = Release|x64
		{BE8C6328-B83B-440B-9CDB-BA48BACE1406}.Release|x86.ActiveCfg = Release|x86
		{BE8C6328-B83B-440B-9CDB-BA48BACE1406}.Release|x86.Build.0 = Release|x86
		{BE8C6328-B83B-440B-9CDB-BA48BACE1406}.Release|x86.Deploy.0 = Release|x86
		{C59DBE17-2293-4FFC-929B-2F8C17F22286}.Debug|Any CPU.ActiveCfg = Debug|Any CPU
		{C59DBE17-2293-4FFC-929B-2F8C17F22286}.Debug|Any CPU.Build.0 = Debug|Any CPU
		{C59DBE17-2293-4FFC-929B-2F8C17F22286}.Debug|Any CPU.Deploy.0 = Debug|Any CPU
		{C59DBE17-2293-4FFC-929B-2F8C17F22286}.Debug|ARM.ActiveCfg = Debug|Any CPU
		{C59DBE17-2293-4FFC-929B-2F8C17F22286}.Debug|ARM.Build.0 = Debug|Any CPU
		{C59DBE17-2293-4FFC-929B-2F8C17F22286}.Debug|ARM.Deploy.0 = Debug|Any CPU
		{C59DBE17-2293-4FFC-929B-2F8C17F22286}.Debug|iPhone.ActiveCfg = Debug|Any CPU
		{C59DBE17-2293-4FFC-929B-2F8C17F22286}.Debug|iPhone.Build.0 = Debug|Any CPU
		{C59DBE17-2293-4FFC-929B-2F8C17F22286}.Debug|iPhone.Deploy.0 = Debug|Any CPU
		{C59DBE17-2293-4FFC-929B-2F8C17F22286}.Debug|iPhoneSimulator.ActiveCfg = Debug|Any CPU
		{C59DBE17-2293-4FFC-929B-2F8C17F22286}.Debug|iPhoneSimulator.Build.0 = Debug|Any CPU
		{C59DBE17-2293-4FFC-929B-2F8C17F22286}.Debug|iPhoneSimulator.Deploy.0 = Debug|Any CPU
		{C59DBE17-2293-4FFC-929B-2F8C17F22286}.Debug|x64.ActiveCfg = Debug|Any CPU
		{C59DBE17-2293-4FFC-929B-2F8C17F22286}.Debug|x64.Build.0 = Debug|Any CPU
		{C59DBE17-2293-4FFC-929B-2F8C17F22286}.Debug|x64.Deploy.0 = Debug|Any CPU
		{C59DBE17-2293-4FFC-929B-2F8C17F22286}.Debug|x86.ActiveCfg = Debug|Any CPU
		{C59DBE17-2293-4FFC-929B-2F8C17F22286}.Debug|x86.Build.0 = Debug|Any CPU
		{C59DBE17-2293-4FFC-929B-2F8C17F22286}.Debug|x86.Deploy.0 = Debug|Any CPU
		{C59DBE17-2293-4FFC-929B-2F8C17F22286}.Release|Any CPU.ActiveCfg = Release|Any CPU
		{C59DBE17-2293-4FFC-929B-2F8C17F22286}.Release|Any CPU.Build.0 = Release|Any CPU
		{C59DBE17-2293-4FFC-929B-2F8C17F22286}.Release|Any CPU.Deploy.0 = Release|Any CPU
		{C59DBE17-2293-4FFC-929B-2F8C17F22286}.Release|ARM.ActiveCfg = Release|Any CPU
		{C59DBE17-2293-4FFC-929B-2F8C17F22286}.Release|ARM.Build.0 = Release|Any CPU
		{C59DBE17-2293-4FFC-929B-2F8C17F22286}.Release|ARM.Deploy.0 = Release|Any CPU
		{C59DBE17-2293-4FFC-929B-2F8C17F22286}.Release|iPhone.ActiveCfg = Release|Any CPU
		{C59DBE17-2293-4FFC-929B-2F8C17F22286}.Release|iPhone.Build.0 = Release|Any CPU
		{C59DBE17-2293-4FFC-929B-2F8C17F22286}.Release|iPhone.Deploy.0 = Release|Any CPU
		{C59DBE17-2293-4FFC-929B-2F8C17F22286}.Release|iPhoneSimulator.ActiveCfg = Release|Any CPU
		{C59DBE17-2293-4FFC-929B-2F8C17F22286}.Release|iPhoneSimulator.Build.0 = Release|Any CPU
		{C59DBE17-2293-4FFC-929B-2F8C17F22286}.Release|iPhoneSimulator.Deploy.0 = Release|Any CPU
		{C59DBE17-2293-4FFC-929B-2F8C17F22286}.Release|x64.ActiveCfg = Release|Any CPU
		{C59DBE17-2293-4FFC-929B-2F8C17F22286}.Release|x64.Build.0 = Release|Any CPU
		{C59DBE17-2293-4FFC-929B-2F8C17F22286}.Release|x64.Deploy.0 = Release|Any CPU
		{C59DBE17-2293-4FFC-929B-2F8C17F22286}.Release|x86.ActiveCfg = Release|Any CPU
		{C59DBE17-2293-4FFC-929B-2F8C17F22286}.Release|x86.Build.0 = Release|Any CPU
		{C59DBE17-2293-4FFC-929B-2F8C17F22286}.Release|x86.Deploy.0 = Release|Any CPU
		{2A550752-4E2C-47B3-A48C-E41E3F731C09}.Debug|Any CPU.ActiveCfg = Debug|iPhone
		{2A550752-4E2C-47B3-A48C-E41E3F731C09}.Debug|ARM.ActiveCfg = Debug|iPhone
		{2A550752-4E2C-47B3-A48C-E41E3F731C09}.Debug|iPhone.ActiveCfg = Debug|iPhone
		{2A550752-4E2C-47B3-A48C-E41E3F731C09}.Debug|iPhone.Build.0 = Debug|iPhone
		{2A550752-4E2C-47B3-A48C-E41E3F731C09}.Debug|iPhone.Deploy.0 = Debug|iPhone
		{2A550752-4E2C-47B3-A48C-E41E3F731C09}.Debug|iPhoneSimulator.ActiveCfg = Debug|iPhoneSimulator
		{2A550752-4E2C-47B3-A48C-E41E3F731C09}.Debug|iPhoneSimulator.Build.0 = Debug|iPhoneSimulator
		{2A550752-4E2C-47B3-A48C-E41E3F731C09}.Debug|x64.ActiveCfg = Debug|iPhone
		{2A550752-4E2C-47B3-A48C-E41E3F731C09}.Debug|x86.ActiveCfg = Debug|iPhone
		{2A550752-4E2C-47B3-A48C-E41E3F731C09}.Release|Any CPU.ActiveCfg = Release|iPhone
		{2A550752-4E2C-47B3-A48C-E41E3F731C09}.Release|ARM.ActiveCfg = Release|iPhone
		{2A550752-4E2C-47B3-A48C-E41E3F731C09}.Release|iPhone.ActiveCfg = Release|iPhone
		{2A550752-4E2C-47B3-A48C-E41E3F731C09}.Release|iPhone.Build.0 = Release|iPhone
		{2A550752-4E2C-47B3-A48C-E41E3F731C09}.Release|iPhoneSimulator.ActiveCfg = Release|iPhoneSimulator
		{2A550752-4E2C-47B3-A48C-E41E3F731C09}.Release|iPhoneSimulator.Build.0 = Release|iPhoneSimulator
		{2A550752-4E2C-47B3-A48C-E41E3F731C09}.Release|x64.ActiveCfg = Release|iPhone
		{2A550752-4E2C-47B3-A48C-E41E3F731C09}.Release|x86.ActiveCfg = Release|iPhone
		{1D390EE2-2D4E-48B8-A604-CA9A573EC91E}.Debug|Any CPU.ActiveCfg = Debug|Any CPU
		{1D390EE2-2D4E-48B8-A604-CA9A573EC91E}.Debug|Any CPU.Build.0 = Debug|Any CPU
		{1D390EE2-2D4E-48B8-A604-CA9A573EC91E}.Debug|ARM.ActiveCfg = Debug|Any CPU
		{1D390EE2-2D4E-48B8-A604-CA9A573EC91E}.Debug|ARM.Build.0 = Debug|Any CPU
		{1D390EE2-2D4E-48B8-A604-CA9A573EC91E}.Debug|iPhone.ActiveCfg = Debug|Any CPU
		{1D390EE2-2D4E-48B8-A604-CA9A573EC91E}.Debug|iPhone.Build.0 = Debug|Any CPU
		{1D390EE2-2D4E-48B8-A604-CA9A573EC91E}.Debug|iPhoneSimulator.ActiveCfg = Debug|Any CPU
		{1D390EE2-2D4E-48B8-A604-CA9A573EC91E}.Debug|iPhoneSimulator.Build.0 = Debug|Any CPU
		{1D390EE2-2D4E-48B8-A604-CA9A573EC91E}.Debug|x64.ActiveCfg = Debug|Any CPU
		{1D390EE2-2D4E-48B8-A604-CA9A573EC91E}.Debug|x64.Build.0 = Debug|Any CPU
		{1D390EE2-2D4E-48B8-A604-CA9A573EC91E}.Debug|x86.ActiveCfg = Debug|Any CPU
		{1D390EE2-2D4E-48B8-A604-CA9A573EC91E}.Debug|x86.Build.0 = Debug|Any CPU
		{1D390EE2-2D4E-48B8-A604-CA9A573EC91E}.Release|Any CPU.ActiveCfg = Release|Any CPU
		{1D390EE2-2D4E-48B8-A604-CA9A573EC91E}.Release|Any CPU.Build.0 = Release|Any CPU
		{1D390EE2-2D4E-48B8-A604-CA9A573EC91E}.Release|ARM.ActiveCfg = Release|Any CPU
		{1D390EE2-2D4E-48B8-A604-CA9A573EC91E}.Release|ARM.Build.0 = Release|Any CPU
		{1D390EE2-2D4E-48B8-A604-CA9A573EC91E}.Release|iPhone.ActiveCfg = Release|Any CPU
		{1D390EE2-2D4E-48B8-A604-CA9A573EC91E}.Release|iPhone.Build.0 = Release|Any CPU
		{1D390EE2-2D4E-48B8-A604-CA9A573EC91E}.Release|iPhoneSimulator.ActiveCfg = Release|Any CPU
		{1D390EE2-2D4E-48B8-A604-CA9A573EC91E}.Release|iPhoneSimulator.Build.0 = Release|Any CPU
		{1D390EE2-2D4E-48B8-A604-CA9A573EC91E}.Release|x64.ActiveCfg = Release|Any CPU
		{1D390EE2-2D4E-48B8-A604-CA9A573EC91E}.Release|x64.Build.0 = Release|Any CPU
		{1D390EE2-2D4E-48B8-A604-CA9A573EC91E}.Release|x86.ActiveCfg = Release|Any CPU
		{1D390EE2-2D4E-48B8-A604-CA9A573EC91E}.Release|x86.Build.0 = Release|Any CPU
		{A87D03F6-9F66-4F42-B241-7AEFA2528FB6}.Debug|Any CPU.ActiveCfg = Debug|Any CPU
		{A87D03F6-9F66-4F42-B241-7AEFA2528FB6}.Debug|Any CPU.Build.0 = Debug|Any CPU
		{A87D03F6-9F66-4F42-B241-7AEFA2528FB6}.Debug|ARM.ActiveCfg = Debug|Any CPU
		{A87D03F6-9F66-4F42-B241-7AEFA2528FB6}.Debug|ARM.Build.0 = Debug|Any CPU
		{A87D03F6-9F66-4F42-B241-7AEFA2528FB6}.Debug|iPhone.ActiveCfg = Debug|Any CPU
		{A87D03F6-9F66-4F42-B241-7AEFA2528FB6}.Debug|iPhone.Build.0 = Debug|Any CPU
		{A87D03F6-9F66-4F42-B241-7AEFA2528FB6}.Debug|iPhoneSimulator.ActiveCfg = Debug|Any CPU
		{A87D03F6-9F66-4F42-B241-7AEFA2528FB6}.Debug|iPhoneSimulator.Build.0 = Debug|Any CPU
		{A87D03F6-9F66-4F42-B241-7AEFA2528FB6}.Debug|x64.ActiveCfg = Debug|Any CPU
		{A87D03F6-9F66-4F42-B241-7AEFA2528FB6}.Debug|x64.Build.0 = Debug|Any CPU
		{A87D03F6-9F66-4F42-B241-7AEFA2528FB6}.Debug|x86.ActiveCfg = Debug|Any CPU
		{A87D03F6-9F66-4F42-B241-7AEFA2528FB6}.Debug|x86.Build.0 = Debug|Any CPU
		{A87D03F6-9F66-4F42-B241-7AEFA2528FB6}.Release|Any CPU.ActiveCfg = Release|Any CPU
		{A87D03F6-9F66-4F42-B241-7AEFA2528FB6}.Release|Any CPU.Build.0 = Release|Any CPU
		{A87D03F6-9F66-4F42-B241-7AEFA2528FB6}.Release|ARM.ActiveCfg = Release|Any CPU
		{A87D03F6-9F66-4F42-B241-7AEFA2528FB6}.Release|ARM.Build.0 = Release|Any CPU
		{A87D03F6-9F66-4F42-B241-7AEFA2528FB6}.Release|iPhone.ActiveCfg = Release|Any CPU
		{A87D03F6-9F66-4F42-B241-7AEFA2528FB6}.Release|iPhone.Build.0 = Release|Any CPU
		{A87D03F6-9F66-4F42-B241-7AEFA2528FB6}.Release|iPhoneSimulator.ActiveCfg = Release|Any CPU
		{A87D03F6-9F66-4F42-B241-7AEFA2528FB6}.Release|iPhoneSimulator.Build.0 = Release|Any CPU
		{A87D03F6-9F66-4F42-B241-7AEFA2528FB6}.Release|x64.ActiveCfg = Release|Any CPU
		{A87D03F6-9F66-4F42-B241-7AEFA2528FB6}.Release|x64.Build.0 = Release|Any CPU
		{A87D03F6-9F66-4F42-B241-7AEFA2528FB6}.Release|x86.ActiveCfg = Release|Any CPU
		{A87D03F6-9F66-4F42-B241-7AEFA2528FB6}.Release|x86.Build.0 = Release|Any CPU
	EndGlobalSection
	GlobalSection(SolutionProperties) = preSolution
		HideSolutionNode = FALSE
	EndGlobalSection
	GlobalSection(NestedProjects) = preSolution
		{C23DC1A4-2A32-40A6-8B0A-0531579B2C2E} = {087306E8-9326-4C4E-BC74-6479A9DEE73A}
		{5AF4BD74-193D-4515-849E-0A1168BCEBF5} = {C23DC1A4-2A32-40A6-8B0A-0531579B2C2E}
		{38E1DFA6-0582-422D-8B30-AEC89770E30A} = {C23DC1A4-2A32-40A6-8B0A-0531579B2C2E}
		{E16D7BF5-914C-4392-A504-831BA8836AF6} = {AECDC5DF-DB90-43C0-8844-7D880FE8A422}
		{25FD7BAB-022D-4560-9AA6-245D28EA1139} = {AECDC5DF-DB90-43C0-8844-7D880FE8A422}
		{1EF55D40-E398-4762-99ED-ABA8804438CC} = {AECDC5DF-DB90-43C0-8844-7D880FE8A422}
		{26B0CAB1-AD0E-489E-96D4-167EDC941E5F} = {38E1DFA6-0582-422D-8B30-AEC89770E30A}
		{AECDC5DF-DB90-43C0-8844-7D880FE8A422} = {38E1DFA6-0582-422D-8B30-AEC89770E30A}
		{BE8C6328-B83B-440B-9CDB-BA48BACE1406} = {5C238C55-64A2-40B0-8987-D14F1A535544}
		{C59DBE17-2293-4FFC-929B-2F8C17F22286} = {5C238C55-64A2-40B0-8987-D14F1A535544}
		{2A550752-4E2C-47B3-A48C-E41E3F731C09} = {5C238C55-64A2-40B0-8987-D14F1A535544}
		{1D390EE2-2D4E-48B8-A604-CA9A573EC91E} = {5AF4BD74-193D-4515-849E-0A1168BCEBF5}
		{5C238C55-64A2-40B0-8987-D14F1A535544} = {5AF4BD74-193D-4515-849E-0A1168BCEBF5}
		{EEF184F0-621A-4128-9D7F-1D9DE12FB50D} = {9819B7A0-DA53-48B5-AE55-2310F8DD9C20}
		{FC1A4755-0A48-49D0-B22D-04591F271832} = {9819B7A0-DA53-48B5-AE55-2310F8DD9C20}
		{4C2067F4-752A-4ED6-A586-4FDBE28B3D27} = {9819B7A0-DA53-48B5-AE55-2310F8DD9C20}
		{A87D03F6-9F66-4F42-B241-7AEFA2528FB6} = {B4D16D8D-2187-467F-9AC6-BC2A381AB67D}
	EndGlobalSection
	GlobalSection(ExtensibilityGlobals) = postSolution
		SolutionGuid = {3AAF31AC-819C-47B6-89F1-E0EC4586DFC8}
	EndGlobalSection
EndGlobal
